schema: '2.0'
stages:
  preprocessing:
    cmd: python src/preprocessing.py
    deps:
    - path: data/external/a1_RestaurantReviews_HistoricDump.tsv
      md5: 102f1f4193e0bdebdd6cce7f13e0a839
      size: 54686
    - path: src/preprocessing.py
      md5: a89120a3f336a09b93f666b9fc31b949
      size: 2026
    outs:
    - path: data/processed/corpus.joblib
      md5: 243212bb05cce5e3fdc72bfd2826d329
      size: 31612
  load_data:
    cmd: python src/load_data.py
    deps:
    - path: src/load_data.py
      md5: e579b1f5296f89c5f22d8ac4af92e1c0
      size: 913
    outs:
    - path: data/external/a1_RestaurantReviews_HistoricDump.tsv
      md5: 102f1f4193e0bdebdd6cce7f13e0a839
      size: 54686
    - path: data/external/a2_RestaurantReviews_FreshDump.tsv
      md5: 097c8b95f6b255e5a6a06b29d61fef8e
      size: 6504
  training:
    cmd: python src/training.py --output reports/model_evaluation.json
    deps:
    - path: data/external/a1_RestaurantReviews_HistoricDump.tsv
      md5: 102f1f4193e0bdebdd6cce7f13e0a839
      size: 54686
    - path: data/processed/corpus.joblib
      md5: 243212bb05cce5e3fdc72bfd2826d329
      size: 31612
    - path: src/evaluation.py
      md5: 96c08113733680243cbc537a93cc128d
      size: 396
    - path: src/training.py
      md5: 9c477005ede76fffa3a353bb72ecbf2b
      size: 1974
    outs:
    - path: data/models/c1_BoW_Sentiment_Model.pkl
      md5: 223b9655310b98b6d28698e56d2d8f63
      size: 39823
    - path: data/models/c2_Classifier_Sentiment_Model
      md5: e6e6744062a1d370a585d15df7f45934
      size: 46127
    - path: reports/model_evaluation.json
      md5: 95a0ea1f385c00ddd804e8e78578bb39
      size: 75
  linting:
    cmd: pylint src
